
Microsoft Visual Studio Solution File, Format Version 12.00
# Visual Studio Version 16
VisualStudioVersion = 16.0.29215.179
MinimumVisualStudioVersion = 10.0.40219.1
Project("{9A19103F-16F7-4668-BE54-9A1E7A4F7556}") = "VL.Devices.Kinect2", "VL.Devices.Kinect2.csproj", "{BF6BC14C-CC1F-4F5F-B491-452662B4D4A1}"
EndProject
Global
	GlobalSection(SolutionConfigurationPlatforms) = preSolution
		Debug|Any CPU = Debug|Any CPU
		Debug|x64 = Debug|x64
		Release|Any CPU = Release|Any CPU
		Release|x64 = Release|x64
	EndGlobalSection
	GlobalSection(ProjectConfigurationPlatforms) = postSolution
		{BF6BC14C-CC1F-4F5F-B491-452662B4D4A1}.Debug|Any CPU.ActiveCfg = Debug|Any CPU
		{BF6BC14C-CC1F-4F5F-B491-452662B4D4A1}.Debug|Any CPU.Build.0 = Debug|Any CPU
		{BF6BC14C-CC1F-4F5F-B491-452662B4D4A1}.Debug|x64.ActiveCfg = Debug|x64
		{BF6BC14C-CC1F-4F5F-B491-452662B4D4A1}.Debug|x64.Build.0 = Debug|x64
		{BF6BC14C-CC1F-4F5F-B491-452662B4D4A1}.Release|Any CPU.ActiveCfg = Release|Any CPU
		{BF6BC14C-CC1F-4F5F-B491-452662B4D4A1}.Release|Any CPU.Build.0 = Release|Any CPU
		{BF6BC14C-CC1F-4F5F-B491-452662B4D4A1}.Release|x64.ActiveCfg = Release|x64
		{BF6BC14C-CC1F-4F5F-B491-452662B4D4A1}.Release|x64.Build.0 = Release|x64
	EndGlobalSection
	GlobalSection(SolutionProperties) = preSolution
		HideSolutionNode = FALSE
	EndGlobalSection
	GlobalSection(ExtensibilityGlobals) = postSolution
		SolutionGuid = {2026F213-00D7-4B8F-A810-2F6CF18BCA8D}
	EndGlobalSection
EndGlobal
